
Microsoft Visual Studio Solution File, Format Version 12.00
# Visual Studio Version 17
VisualStudioVersion = 17.4.33213.308
MinimumVisualStudioVersion = 10.0.40219.1
Project("{FAE04EC0-301F-11D3-BF4B-00C04F79EFBC}") = "ClassLibraryPassword", "ClassLibraryPassword\ClassLibraryPassword.csproj", "{B8691FD0-2221-40C7-B666-EE3C532D227E}"
EndProject
Project("{FAE04EC0-301F-11D3-BF4B-00C04F79EFBC}") = "PasswordChekerTests", "PasswordChekerTests\PasswordChekerTests.csproj", "{B1DBA9E2-01CC-4EE8-9A5B-0ACBE7A6FDFE}"
EndProject
Project("{FAE04EC0-301F-11D3-BF4B-00C04F79EFBC}") = "PasswordProject", "PasswordProject\PasswordProject.csproj", "{B8A27674-36FD-4467-B984-E235F3449C15}"
EndProject
Global
	GlobalSection(SolutionConfigurationPlatforms) = preSolution
		Debug|Any CPU = Debug|Any CPU
		Release|Any CPU = Release|Any CPU
	EndGlobalSection
	GlobalSection(ProjectConfigurationPlatforms) = postSolution
		{B8691FD0-2221-40C7-B666-EE3C532D227E}.Debug|Any CPU.ActiveCfg = Debug|Any CPU
		{B8691FD0-2221-40C7-B666-EE3C532D227E}.Debug|Any CPU.Build.0 = Debug|Any CPU
		{B8691FD0-2221-40C7-B666-EE3C532D227E}.Release|Any CPU.ActiveCfg = Release|Any CPU
		{B8691FD0-2221-40C7-B666-EE3C532D227E}.Release|Any CPU.Build.0 = Release|Any CPU
		{B1DBA9E2-01CC-4EE8-9A5B-0ACBE7A6FDFE}.Debug|Any CPU.ActiveCfg = Debug|Any CPU
		{B1DBA9E2-01CC-4EE8-9A5B-0ACBE7A6FDFE}.Debug|Any CPU.Build.0 = Debug|Any CPU
		{B1DBA9E2-01CC-4EE8-9A5B-0ACBE7A6FDFE}.Release|Any CPU.ActiveCfg = Release|Any CPU
		{B1DBA9E2-01CC-4EE8-9A5B-0ACBE7A6FDFE}.Release|Any CPU.Build.0 = Release|Any CPU
		{B8A27674-36FD-4467-B984-E235F3449C15}.Debug|Any CPU.ActiveCfg = Debug|Any CPU
		{B8A27674-36FD-4467-B984-E235F3449C15}.Debug|Any CPU.Build.0 = Debug|Any CPU
		{B8A27674-36FD-4467-B984-E235F3449C15}.Release|Any CPU.ActiveCfg = Release|Any CPU
		{B8A27674-36FD-4467-B984-E235F3449C15}.Release|Any CPU.Build.0 = Release|Any CPU
	EndGlobalSection
	GlobalSection(SolutionProperties) = preSolution
		HideSolutionNode = FALSE
	EndGlobalSection
	GlobalSection(ExtensibilityGlobals) = postSolution
		SolutionGuid = {38BD9794-27BA-4A15-ADE7-2B5B3A28DC53}
	EndGlobalSection
EndGlobal
